%{
  "earmark": {:hex, :earmark, "1.4.38", "ba8fda946c259c6e8f6759d3647d448e9216e2c0afed8c6ae7f8ce1f7072a497", [:mix], [{:earmark_parser, "~> 1.4.32", [hex: :earmark_parser, repo: "hexpm", optional: false]}], "hexpm", "f938e30de4167e7d8f3bf588b01dc041138278dda1e5a13fb9ec89b43dd5ec7f"},
  "earmark_parser": {:hex, :earmark_parser, "1.4.32", "fa739a0ecfa34493de19426681b23f6814573faee95dfd4b4aafe15a7b5b32c6", [:mix], [], "hexpm", "b8b0dd77d60373e77a3d7e8afa598f325e49e8663a51bcc2b88ef41838cca755"},
  "jason": {:hex, :jason, "1.4.0", "e855647bc964a44e2f67df589ccf49105ae039d4179db7f6271dfd3843dc27e6", [:mix], [{:decimal, "~> 1.0 or ~> 2.0", [hex: :decimal, repo: "hexpm", optional: true]}], "hexpm", "79a3791085b2a0f743ca04cec0f7be26443738779d09302e01318f97bdb82121"},
}
